
Microsoft Visual Studio Solution File, Format Version 12.00
# Visual Studio Version 17
VisualStudioVersion = 17.13.35919.96
MinimumVisualStudioVersion = 10.0.40219.1
Project("{FAE04EC0-301F-11D3-BF4B-00C04F79EFBC}") = "SFB.Server", "SFB.Server\SFB.Server.csproj", "{37E33B9B-CC19-4DE4-9EBC-1AFFF889539D}"
EndProject
Project("{2150E333-8FDC-42A3-9474-1A3956D46DE8}") = "Server", "Server", "{02EA681E-C7D8-13C7-8484-4AC65E1B71E8}"
EndProject
Project("{2150E333-8FDC-42A3-9474-1A3956D46DE8}") = "Client", "Client", "{29C4F106-970D-4102-AD27-7F4479DC1032}"
EndProject
Project("{2150E333-8FDC-42A3-9474-1A3956D46DE8}") = "Shared", "Shared", "{A6C37F70-78DF-49C5-8E40-647740E98057}"
EndProject
Project("{FAE04EC0-301F-11D3-BF4B-00C04F79EFBC}") = "SFB.Shared", "SFB.Shared\SFB.Shared.csproj", "{ABD1763F-1FFF-7B3B-EA58-0037DC7480BE}"
EndProject
Project("{FAE04EC0-301F-11D3-BF4B-00C04F79EFBC}") = "SFB.Shared.Backend", "SFB.Shared.Backend\SFB.Shared.Backend.csproj", "{6C765CB9-8DAC-EE66-6026-B306173A5451}"
EndProject
Project("{FAE04EC0-301F-11D3-BF4B-00C04F79EFBC}") = "SFB.Infrastructure", "SFB.Infrastructure\SFB.Infrastructure.csproj", "{288F5037-5E80-7D0D-BFC1-BDC62BCDCDC3}"
EndProject
Project("{2150E333-8FDC-42A3-9474-1A3956D46DE8}") = "Modules", "Modules", "{D5EAD843-44B6-44C2-9058-FD00DE56B4ED}"
EndProject
Project("{2150E333-8FDC-42A3-9474-1A3956D46DE8}") = "Central Management System", "Central Management System", "{837D7A49-4686-4936-AA87-1B319771D2FD}"
EndProject
Project("{FAE04EC0-301F-11D3-BF4B-00C04F79EFBC}") = "SFB.CMS.Shared", "SFB.Modules\SFB.CMS\SFB.CMS.Shared\SFB.CMS.Shared.csproj", "{65B387F5-E317-28EE-3844-F18D3908E9E4}"
EndProject
Project("{FAE04EC0-301F-11D3-BF4B-00C04F79EFBC}") = "SFB.CMS.Backend", "SFB.Modules\SFB.CMS\SFB.CMS.Backend\SFB.CMS.Backend.csproj", "{F0D0BEE0-8568-5290-B946-9EF2F11F020F}"
EndProject
Project("{2150E333-8FDC-42A3-9474-1A3956D46DE8}") = "Access Management System", "Access Management System", "{BEC11FC6-052A-48AF-93F8-6237903AF8B3}"
EndProject
Project("{FAE04EC0-301F-11D3-BF4B-00C04F79EFBC}") = "SFB.AMS.Shared", "SFB.Modules\SFB.AMS\SFB.AMS.Shared\SFB.AMS.Shared.csproj", "{52F2E216-AA39-AFB0-9E92-A8213E9F13DD}"
EndProject
Project("{FAE04EC0-301F-11D3-BF4B-00C04F79EFBC}") = "SFB.AMS.Backend", "SFB.Modules\SFB.AMS\SFB.AMS.Backend\SFB.AMS.Backend.csproj", "{1E6C02ED-A5CE-90BC-5B00-96B574D9F74B}"
EndProject
Project("{54A90642-561A-4BB1-A94E-469ADEE60C69}") = "SFB.Vue", "SFB.Vue\SFB.Vue.esproj", "{174244A7-9C57-147E-7E37-C1629C2DA5E8}"
EndProject
Project("{2150E333-8FDC-42A3-9474-1A3956D46DE8}") = "Inventory and Warehouse", "Inventory and Warehouse", "{A571C4BA-F5F4-48A6-A1C6-79C643578DC4}"
EndProject
Project("{FAE04EC0-301F-11D3-BF4B-00C04F79EFBC}") = "SFB.IAW.Backend", "SFB.Modules\SFB.IAW\SFB.IAW.Backend\SFB.IAW.Backend.csproj", "{49960FBC-CBBC-4571-8A1F-642124F3FF1F}"
EndProject
Project("{FAE04EC0-301F-11D3-BF4B-00C04F79EFBC}") = "SFB.IAW.Shared", "SFB.Modules\SFB.IAW\SFB.IAW.Shared\SFB.IAW.Shared.csproj", "{148EA8F9-FD36-4892-AAF1-F754C768A3C8}"
EndProject
Project("{2150E333-8FDC-42A3-9474-1A3956D46DE8}") = "Purchase Operations Module", "Purchase Operations Module", "{02809437-B39D-43B8-AF8B-8E4963D280D0}"
EndProject
Project("{FAE04EC0-301F-11D3-BF4B-00C04F79EFBC}") = "SFB.PCM.Backend", "SFB.Modules\SFB.PCM\SFB.PCM.Backend\SFB.PCM.Backend\SFB.PCM.Backend.csproj", "{3C1D69B6-746F-4B18-8642-B7C94085D0CD}"
EndProject
Project("{FAE04EC0-301F-11D3-BF4B-00C04F79EFBC}") = "SFB.PCM.Shared", "SFB.Modules\SFB.PCM\SFB.PCM.Shared\SFB.PCM.Shared\SFB.PCM.Shared.csproj", "{85F0CB20-2DB7-4DB9-92E9-D6088E7F71EA}"
EndProject
Project("{2150E333-8FDC-42A3-9474-1A3956D46DE8}") = "Accounting Management", "Accounting Management", "{57431972-118A-40E5-A8B7-CFEDAC06ADA6}"
EndProject
Project("{FAE04EC0-301F-11D3-BF4B-00C04F79EFBC}") = "SFB.ACM.Shared", "SFB.Modules\SFB.ACM\SFB.ACM.Shared\SFB.ACM.Shared\SFB.ACM.Shared.csproj", "{16054FE5-7F45-47D9-9987-9C501131D048}"
EndProject
Project("{2150E333-8FDC-42A3-9474-1A3956D46DE8}") = "Sales Operations Module", "Sales Operations Module", "{26D2B784-E98F-40E4-9D6F-5CDDAC90A600}"
EndProject
Project("{FAE04EC0-301F-11D3-BF4B-00C04F79EFBC}") = "SFB.SOM.Backend", "SFB.Modules\SFB.SOM\SFB.SOM.Backend\SFB.SOM.Backend\SFB.SOM.Backend.csproj", "{C0ED0776-1A04-42D6-A4DE-315CC1393D80}"
EndProject
Project("{FAE04EC0-301F-11D3-BF4B-00C04F79EFBC}") = "SFB.SOM.Shared", "SFB.Modules\SFB.SOM\SFB.SOM.Shared\SFB.SOM.Shared\SFB.SOM.Shared.csproj", "{61544997-E0AF-46F8-AC71-B58DF4929210}"
EndProject
Global
	GlobalSection(SolutionConfigurationPlatforms) = preSolution
		Debug|Any CPU = Debug|Any CPU
		Release|Any CPU = Release|Any CPU
	EndGlobalSection
	GlobalSection(ProjectConfigurationPlatforms) = postSolution
		{37E33B9B-CC19-4DE4-9EBC-1AFFF889539D}.Debug|Any CPU.ActiveCfg = Debug|Any CPU
		{37E33B9B-CC19-4DE4-9EBC-1AFFF889539D}.Debug|Any CPU.Build.0 = Debug|Any CPU
		{37E33B9B-CC19-4DE4-9EBC-1AFFF889539D}.Release|Any CPU.ActiveCfg = Release|Any CPU
		{37E33B9B-CC19-4DE4-9EBC-1AFFF889539D}.Release|Any CPU.Build.0 = Release|Any CPU
		{ABD1763F-1FFF-7B3B-EA58-0037DC7480BE}.Debug|Any CPU.ActiveCfg = Debug|Any CPU
		{ABD1763F-1FFF-7B3B-EA58-0037DC7480BE}.Debug|Any CPU.Build.0 = Debug|Any CPU
		{ABD1763F-1FFF-7B3B-EA58-0037DC7480BE}.Release|Any CPU.ActiveCfg = Release|Any CPU
		{ABD1763F-1FFF-7B3B-EA58-0037DC7480BE}.Release|Any CPU.Build.0 = Release|Any CPU
		{6C765CB9-8DAC-EE66-6026-B306173A5451}.Debug|Any CPU.ActiveCfg = Debug|Any CPU
		{6C765CB9-8DAC-EE66-6026-B306173A5451}.Debug|Any CPU.Build.0 = Debug|Any CPU
		{6C765CB9-8DAC-EE66-6026-B306173A5451}.Release|Any CPU.ActiveCfg = Release|Any CPU
		{6C765CB9-8DAC-EE66-6026-B306173A5451}.Release|Any CPU.Build.0 = Release|Any CPU
		{288F5037-5E80-7D0D-BFC1-BDC62BCDCDC3}.Debug|Any CPU.ActiveCfg = Debug|Any CPU
		{288F5037-5E80-7D0D-BFC1-BDC62BCDCDC3}.Debug|Any CPU.Build.0 = Debug|Any CPU
		{288F5037-5E80-7D0D-BFC1-BDC62BCDCDC3}.Release|Any CPU.ActiveCfg = Release|Any CPU
		{288F5037-5E80-7D0D-BFC1-BDC62BCDCDC3}.Release|Any CPU.Build.0 = Release|Any CPU
		{65B387F5-E317-28EE-3844-F18D3908E9E4}.Debug|Any CPU.ActiveCfg = Debug|Any CPU
		{65B387F5-E317-28EE-3844-F18D3908E9E4}.Debug|Any CPU.Build.0 = Debug|Any CPU
		{65B387F5-E317-28EE-3844-F18D3908E9E4}.Release|Any CPU.ActiveCfg = Release|Any CPU
		{65B387F5-E317-28EE-3844-F18D3908E9E4}.Release|Any CPU.Build.0 = Release|Any CPU
		{F0D0BEE0-8568-5290-B946-9EF2F11F020F}.Debug|Any CPU.ActiveCfg = Debug|Any CPU
		{F0D0BEE0-8568-5290-B946-9EF2F11F020F}.Debug|Any CPU.Build.0 = Debug|Any CPU
		{F0D0BEE0-8568-5290-B946-9EF2F11F020F}.Release|Any CPU.ActiveCfg = Release|Any CPU
		{F0D0BEE0-8568-5290-B946-9EF2F11F020F}.Release|Any CPU.Build.0 = Release|Any CPU
		{52F2E216-AA39-AFB0-9E92-A8213E9F13DD}.Debug|Any CPU.ActiveCfg = Debug|Any CPU
		{52F2E216-AA39-AFB0-9E92-A8213E9F13DD}.Debug|Any CPU.Build.0 = Debug|Any CPU
		{52F2E216-AA39-AFB0-9E92-A8213E9F13DD}.Release|Any CPU.ActiveCfg = Release|Any CPU
		{52F2E216-AA39-AFB0-9E92-A8213E9F13DD}.Release|Any CPU.Build.0 = Release|Any CPU
		{1E6C02ED-A5CE-90BC-5B00-96B574D9F74B}.Debug|Any CPU.ActiveCfg = Debug|Any CPU
		{1E6C02ED-A5CE-90BC-5B00-96B574D9F74B}.Debug|Any CPU.Build.0 = Debug|Any CPU
		{1E6C02ED-A5CE-90BC-5B00-96B574D9F74B}.Release|Any CPU.ActiveCfg = Release|Any CPU
		{1E6C02ED-A5CE-90BC-5B00-96B574D9F74B}.Release|Any CPU.Build.0 = Release|Any CPU
		{174244A7-9C57-147E-7E37-C1629C2DA5E8}.Debug|Any CPU.ActiveCfg = Debug|Any CPU
		{174244A7-9C57-147E-7E37-C1629C2DA5E8}.Debug|Any CPU.Build.0 = Debug|Any CPU
		{174244A7-9C57-147E-7E37-C1629C2DA5E8}.Debug|Any CPU.Deploy.0 = Debug|Any CPU
		{174244A7-9C57-147E-7E37-C1629C2DA5E8}.Release|Any CPU.ActiveCfg = Release|Any CPU
		{174244A7-9C57-147E-7E37-C1629C2DA5E8}.Release|Any CPU.Build.0 = Release|Any CPU
		{174244A7-9C57-147E-7E37-C1629C2DA5E8}.Release|Any CPU.Deploy.0 = Release|Any CPU
		{49960FBC-CBBC-4571-8A1F-642124F3FF1F}.Debug|Any CPU.ActiveCfg = Debug|Any CPU
		{49960FBC-CBBC-4571-8A1F-642124F3FF1F}.Debug|Any CPU.Build.0 = Debug|Any CPU
		{49960FBC-CBBC-4571-8A1F-642124F3FF1F}.Release|Any CPU.ActiveCfg = Release|Any CPU
		{49960FBC-CBBC-4571-8A1F-642124F3FF1F}.Release|Any CPU.Build.0 = Release|Any CPU
		{148EA8F9-FD36-4892-AAF1-F754C768A3C8}.Debug|Any CPU.ActiveCfg = Debug|Any CPU
		{148EA8F9-FD36-4892-AAF1-F754C768A3C8}.Debug|Any CPU.Build.0 = Debug|Any CPU
		{148EA8F9-FD36-4892-AAF1-F754C768A3C8}.Release|Any CPU.ActiveCfg = Release|Any CPU
		{148EA8F9-FD36-4892-AAF1-F754C768A3C8}.Release|Any CPU.Build.0 = Release|Any CPU
		{3C1D69B6-746F-4B18-8642-B7C94085D0CD}.Debug|Any CPU.ActiveCfg = Debug|Any CPU
		{3C1D69B6-746F-4B18-8642-B7C94085D0CD}.Debug|Any CPU.Build.0 = Debug|Any CPU
		{3C1D69B6-746F-4B18-8642-B7C94085D0CD}.Release|Any CPU.ActiveCfg = Release|Any CPU
		{3C1D69B6-746F-4B18-8642-B7C94085D0CD}.Release|Any CPU.Build.0 = Release|Any CPU
		{85F0CB20-2DB7-4DB9-92E9-D6088E7F71EA}.Debug|Any CPU.ActiveCfg = Debug|Any CPU
		{85F0CB20-2DB7-4DB9-92E9-D6088E7F71EA}.Debug|Any CPU.Build.0 = Debug|Any CPU
		{85F0CB20-2DB7-4DB9-92E9-D6088E7F71EA}.Release|Any CPU.ActiveCfg = Release|Any CPU
		{85F0CB20-2DB7-4DB9-92E9-D6088E7F71EA}.Release|Any CPU.Build.0 = Release|Any CPU
		{16054FE5-7F45-47D9-9987-9C501131D048}.Debug|Any CPU.ActiveCfg = Debug|Any CPU
		{16054FE5-7F45-47D9-9987-9C501131D048}.Debug|Any CPU.Build.0 = Debug|Any CPU
		{16054FE5-7F45-47D9-9987-9C501131D048}.Release|Any CPU.ActiveCfg = Release|Any CPU
		{16054FE5-7F45-47D9-9987-9C501131D048}.Release|Any CPU.Build.0 = Release|Any CPU
		{C0ED0776-1A04-42D6-A4DE-315CC1393D80}.Debug|Any CPU.ActiveCfg = Debug|Any CPU
		{C0ED0776-1A04-42D6-A4DE-315CC1393D80}.Debug|Any CPU.Build.0 = Debug|Any CPU
		{C0ED0776-1A04-42D6-A4DE-315CC1393D80}.Release|Any CPU.ActiveCfg = Release|Any CPU
		{C0ED0776-1A04-42D6-A4DE-315CC1393D80}.Release|Any CPU.Build.0 = Release|Any CPU
		{61544997-E0AF-46F8-AC71-B58DF4929210}.Debug|Any CPU.ActiveCfg = Debug|Any CPU
		{61544997-E0AF-46F8-AC71-B58DF4929210}.Debug|Any CPU.Build.0 = Debug|Any CPU
		{61544997-E0AF-46F8-AC71-B58DF4929210}.Release|Any CPU.ActiveCfg = Release|Any CPU
		{61544997-E0AF-46F8-AC71-B58DF4929210}.Release|Any CPU.Build.0 = Release|Any CPU
	EndGlobalSection
	GlobalSection(SolutionProperties) = preSolution
		HideSolutionNode = FALSE
	EndGlobalSection
	GlobalSection(NestedProjects) = preSolution
		{37E33B9B-CC19-4DE4-9EBC-1AFFF889539D} = {02EA681E-C7D8-13C7-8484-4AC65E1B71E8}
		{ABD1763F-1FFF-7B3B-EA58-0037DC7480BE} = {A6C37F70-78DF-49C5-8E40-647740E98057}
		{6C765CB9-8DAC-EE66-6026-B306173A5451} = {A6C37F70-78DF-49C5-8E40-647740E98057}
		{288F5037-5E80-7D0D-BFC1-BDC62BCDCDC3} = {02EA681E-C7D8-13C7-8484-4AC65E1B71E8}
		{837D7A49-4686-4936-AA87-1B319771D2FD} = {D5EAD843-44B6-44C2-9058-FD00DE56B4ED}
		{65B387F5-E317-28EE-3844-F18D3908E9E4} = {837D7A49-4686-4936-AA87-1B319771D2FD}
		{F0D0BEE0-8568-5290-B946-9EF2F11F020F} = {837D7A49-4686-4936-AA87-1B319771D2FD}
		{BEC11FC6-052A-48AF-93F8-6237903AF8B3} = {D5EAD843-44B6-44C2-9058-FD00DE56B4ED}
		{52F2E216-AA39-AFB0-9E92-A8213E9F13DD} = {BEC11FC6-052A-48AF-93F8-6237903AF8B3}
		{1E6C02ED-A5CE-90BC-5B00-96B574D9F74B} = {BEC11FC6-052A-48AF-93F8-6237903AF8B3}
		{174244A7-9C57-147E-7E37-C1629C2DA5E8} = {29C4F106-970D-4102-AD27-7F4479DC1032}
		{A571C4BA-F5F4-48A6-A1C6-79C643578DC4} = {D5EAD843-44B6-44C2-9058-FD00DE56B4ED}
		{49960FBC-CBBC-4571-8A1F-642124F3FF1F} = {A571C4BA-F5F4-48A6-A1C6-79C643578DC4}
		{148EA8F9-FD36-4892-AAF1-F754C768A3C8} = {A571C4BA-F5F4-48A6-A1C6-79C643578DC4}
		{02809437-B39D-43B8-AF8B-8E4963D280D0} = {D5EAD843-44B6-44C2-9058-FD00DE56B4ED}
		{3C1D69B6-746F-4B18-8642-B7C94085D0CD} = {02809437-B39D-43B8-AF8B-8E4963D280D0}
		{85F0CB20-2DB7-4DB9-92E9-D6088E7F71EA} = {02809437-B39D-43B8-AF8B-8E4963D280D0}
		{57431972-118A-40E5-A8B7-CFEDAC06ADA6} = {D5EAD843-44B6-44C2-9058-FD00DE56B4ED}
		{16054FE5-7F45-47D9-9987-9C501131D048} = {57431972-118A-40E5-A8B7-CFEDAC06ADA6}
		{26D2B784-E98F-40E4-9D6F-5CDDAC90A600} = {D5EAD843-44B6-44C2-9058-FD00DE56B4ED}
		{C0ED0776-1A04-42D6-A4DE-315CC1393D80} = {26D2B784-E98F-40E4-9D6F-5CDDAC90A600}
		{61544997-E0AF-46F8-AC71-B58DF4929210} = {26D2B784-E98F-40E4-9D6F-5CDDAC90A600}
	EndGlobalSection
	GlobalSection(ExtensibilityGlobals) = postSolution
		SolutionGuid = {C74263B6-4FD2-4100-99BE-21D2611CC9A1}
	EndGlobalSection
EndGlobal
